
Microsoft Visual Studio Solution File, Format Version 12.00
# Visual Studio Version 17
VisualStudioVersion = 17.7.34031.279
MinimumVisualStudioVersion = 10.0.40219.1
Project("{FAE04EC0-301F-11D3-BF4B-00C04F79EFBC}") = "TelegramZamenBot", "TelegramZamenBot\TelegramZamenBot.csproj", "{550A8D60-B4E7-4C05-B3CE-C85446FA528B}"
EndProject
Global
	GlobalSection(SolutionConfigurationPlatforms) = preSolution
		Debug|Any CPU = Debug|Any CPU
		Release|Any CPU = Release|Any CPU
	EndGlobalSection
	GlobalSection(ProjectConfigurationPlatforms) = postSolution
		{550A8D60-B4E7-4C05-B3CE-C85446FA528B}.Debug|Any CPU.ActiveCfg = Debug|Any CPU
		{550A8D60-B4E7-4C05-B3CE-C85446FA528B}.Debug|Any CPU.Build.0 = Debug|Any CPU
		{550A8D60-B4E7-4C05-B3CE-C85446FA528B}.Release|Any CPU.ActiveCfg = Release|Any CPU
		{550A8D60-B4E7-4C05-B3CE-C85446FA528B}.Release|Any CPU.Build.0 = Release|Any CPU
	EndGlobalSection
	GlobalSection(SolutionProperties) = preSolution
		HideSolutionNode = FALSE
	EndGlobalSection
	GlobalSection(ExtensibilityGlobals) = postSolution
		SolutionGuid = {1ACADF16-7FB4-4185-8618-4265AD330612}
	EndGlobalSection
EndGlobal
